
Microsoft Visual Studio Solution File, Format Version 12.00
# Visual Studio Version 16
VisualStudioVersion = 16.0.31129.286
MinimumVisualStudioVersion = 10.0.40219.1
Project("{FAE04EC0-301F-11D3-BF4B-00C04F79EFBC}") = "Ferieboliger", "Ferieboliger\Ferieboliger.csproj", "{81C8A8B3-3A56-4058-B178-E647A564272F}"
EndProject
Project("{FAE04EC0-301F-11D3-BF4B-00C04F79EFBC}") = "Ferieboliger.BLL", "Ferieboliger.BLL\Ferieboliger.BLL.csproj", "{A541A6E4-A40F-4CB7-8012-E3BC71F712D5}"
EndProject
Project("{FAE04EC0-301F-11D3-BF4B-00C04F79EFBC}") = "Ferieboliger.DAL", "Ferieboliger.DAL\Ferieboliger.DAL.csproj", "{D54E480D-6C7F-42D2-89BA-3567981B45DA}"
EndProject
Global
	GlobalSection(SolutionConfigurationPlatforms) = preSolution
		Debug|Any CPU = Debug|Any CPU
		Release|Any CPU = Release|Any CPU
	EndGlobalSection
	GlobalSection(ProjectConfigurationPlatforms) = postSolution
		{81C8A8B3-3A56-4058-B178-E647A564272F}.Debug|Any CPU.ActiveCfg = Debug|Any CPU
		{81C8A8B3-3A56-4058-B178-E647A564272F}.Debug|Any CPU.Build.0 = Debug|Any CPU
		{81C8A8B3-3A56-4058-B178-E647A564272F}.Release|Any CPU.ActiveCfg = Release|Any CPU
		{81C8A8B3-3A56-4058-B178-E647A564272F}.Release|Any CPU.Build.0 = Release|Any CPU
		{A541A6E4-A40F-4CB7-8012-E3BC71F712D5}.Debug|Any CPU.ActiveCfg = Debug|Any CPU
		{A541A6E4-A40F-4CB7-8012-E3BC71F712D5}.Debug|Any CPU.Build.0 = Debug|Any CPU
		{A541A6E4-A40F-4CB7-8012-E3BC71F712D5}.Release|Any CPU.ActiveCfg = Release|Any CPU
		{A541A6E4-A40F-4CB7-8012-E3BC71F712D5}.Release|Any CPU.Build.0 = Release|Any CPU
		{D54E480D-6C7F-42D2-89BA-3567981B45DA}.Debug|Any CPU.ActiveCfg = Debug|Any CPU
		{D54E480D-6C7F-42D2-89BA-3567981B45DA}.Debug|Any CPU.Build.0 = Debug|Any CPU
		{D54E480D-6C7F-42D2-89BA-3567981B45DA}.Release|Any CPU.ActiveCfg = Release|Any CPU
		{D54E480D-6C7F-42D2-89BA-3567981B45DA}.Release|Any CPU.Build.0 = Release|Any CPU
	EndGlobalSection
	GlobalSection(SolutionProperties) = preSolution
		HideSolutionNode = FALSE
	EndGlobalSection
	GlobalSection(ExtensibilityGlobals) = postSolution
		SolutionGuid = {931075AB-8153-448A-959F-3047F113ACE4}
	EndGlobalSection
EndGlobal
